
Microsoft Visual Studio Solution File, Format Version 12.00
# Visual Studio Version 17
VisualStudioVersion = 17.0.0.0
MinimumVisualStudioVersion = 10.0.0.0
Project("{8BC9CEB8-8B4A-11D0-8D11-00A0C91BC942}") = "MultiShader", "MultiShader.vcxproj", "{4CC84331-1371-42CB-8D3D-6E77587FB58B}"
EndProject
Global
	GlobalSection(SolutionConfigurationPlatforms) = preSolution
		Debug|Xbox = Debug|Xbox
		Release|Xbox = Release|Xbox
	EndGlobalSection
	GlobalSection(ProjectConfigurationPlatforms) = postSolution
		{4CC84331-1371-42CB-8D3D-6E77587FB58B}.Debug|Xbox.ActiveCfg = Debug|Xbox
		{4CC84331-1371-42CB-8D3D-6E77587FB58B}.Debug|Xbox.Build.0 = Debug|Xbox
		{4CC84331-1371-42CB-8D3D-6E77587FB58B}.Release|Xbox.ActiveCfg = Release|Xbox
		{4CC84331-1371-42CB-8D3D-6E77587FB58B}.Release|Xbox.Build.0 = Release|Xbox
	EndGlobalSection
	GlobalSection(SolutionProperties) = preSolution
		HideSolutionNode = FALSE
	EndGlobalSection
EndGlobal
