
Microsoft Visual Studio Solution File, Format Version 12.00
# Visual Studio Version 17
VisualStudioVersion = 17.0.0.0
MinimumVisualStudioVersion = 10.0.0.0
Project("{8BC9CEB8-8B4A-11D0-8D11-00A0C91BC942}") = "ContentDownload", "ContentDownload.vcxproj", "{BCF87AE3-9226-4E38-949B-1DB25BDCE49D}"
EndProject
Global
	GlobalSection(SolutionConfigurationPlatforms) = preSolution
		Debug|Xbox = Debug|Xbox
		Release|Xbox = Release|Xbox
	EndGlobalSection
	GlobalSection(ProjectConfigurationPlatforms) = postSolution
		{BCF87AE3-9226-4E38-949B-1DB25BDCE49D}.Debug|Xbox.ActiveCfg = Debug|Xbox
		{BCF87AE3-9226-4E38-949B-1DB25BDCE49D}.Debug|Xbox.Build.0 = Debug|Xbox
		{BCF87AE3-9226-4E38-949B-1DB25BDCE49D}.Release|Xbox.ActiveCfg = Release|Xbox
		{BCF87AE3-9226-4E38-949B-1DB25BDCE49D}.Release|Xbox.Build.0 = Release|Xbox
	EndGlobalSection
	GlobalSection(SolutionProperties) = preSolution
		HideSolutionNode = FALSE
	EndGlobalSection
EndGlobal
