
Microsoft Visual Studio Solution File, Format Version 12.00
# Visual Studio Version 17
VisualStudioVersion = 17.0.0.0
MinimumVisualStudioVersion = 10.0.0.0
Project("{8BC9CEB8-8B4A-11D0-8D11-00A0C91BC942}") = "Notifier", "Notifier\Notifier.vcxproj", "{E8CF74EB-2E7C-4240-B57A-01C281F5B6C3}"
EndProject
Global
	GlobalSection(SolutionConfigurationPlatforms) = preSolution
		Debug|Xbox = Debug|Xbox
		Release|Xbox = Release|Xbox
	EndGlobalSection
	GlobalSection(ProjectConfigurationPlatforms) = postSolution
		{E8CF74EB-2E7C-4240-B57A-01C281F5B6C3}.Debug|Xbox.ActiveCfg = Debug|Xbox
		{E8CF74EB-2E7C-4240-B57A-01C281F5B6C3}.Debug|Xbox.Build.0 = Debug|Xbox
		{E8CF74EB-2E7C-4240-B57A-01C281F5B6C3}.Release|Xbox.ActiveCfg = Release|Xbox
		{E8CF74EB-2E7C-4240-B57A-01C281F5B6C3}.Release|Xbox.Build.0 = Release|Xbox
	EndGlobalSection
	GlobalSection(SolutionProperties) = preSolution
		HideSolutionNode = FALSE
	EndGlobalSection
EndGlobal
