
Microsoft Visual Studio Solution File, Format Version 12.00
# Visual Studio Version 17
VisualStudioVersion = 17.0.0.0
MinimumVisualStudioVersion = 10.0.0.0
Project("{8BC9CEB8-8B4A-11D0-8D11-00A0C91BC942}") = "WMAStream", "WMAStream.vcxproj", "{DCF091A8-B9AC-4B8B-B8F8-C5A2421F1C41}"
EndProject
Global
	GlobalSection(SolutionConfigurationPlatforms) = preSolution
		Debug|Xbox = Debug|Xbox
		Release|Xbox = Release|Xbox
	EndGlobalSection
	GlobalSection(ProjectConfigurationPlatforms) = postSolution
		{DCF091A8-B9AC-4B8B-B8F8-C5A2421F1C41}.Debug|Xbox.ActiveCfg = Debug|Xbox
		{DCF091A8-B9AC-4B8B-B8F8-C5A2421F1C41}.Debug|Xbox.Build.0 = Debug|Xbox
		{DCF091A8-B9AC-4B8B-B8F8-C5A2421F1C41}.Release|Xbox.ActiveCfg = Release|Xbox
		{DCF091A8-B9AC-4B8B-B8F8-C5A2421F1C41}.Release|Xbox.Build.0 = Release|Xbox
	EndGlobalSection
	GlobalSection(SolutionProperties) = preSolution
		HideSolutionNode = FALSE
	EndGlobalSection
EndGlobal
