
Microsoft Visual Studio Solution File, Format Version 12.00
# Visual Studio Version 17
VisualStudioVersion = 17.0.0.0
MinimumVisualStudioVersion = 10.0.0.0
Project("{8BC9CEB8-8B4A-11D0-8D11-00A0C91BC942}") = "Vertices", "Vertices\Vertices.vcxproj", "{CEC80823-3497-4881-9F9B-4F095CFB36FE}"
EndProject
Global
	GlobalSection(SolutionConfigurationPlatforms) = preSolution
		Debug|Xbox = Debug|Xbox
		Release|Xbox = Release|Xbox
	EndGlobalSection
	GlobalSection(ProjectConfigurationPlatforms) = postSolution
		{CEC80823-3497-4881-9F9B-4F095CFB36FE}.Debug|Xbox.ActiveCfg = Debug|Xbox
		{CEC80823-3497-4881-9F9B-4F095CFB36FE}.Debug|Xbox.Build.0 = Debug|Xbox
		{CEC80823-3497-4881-9F9B-4F095CFB36FE}.Release|Xbox.ActiveCfg = Release|Xbox
		{CEC80823-3497-4881-9F9B-4F095CFB36FE}.Release|Xbox.Build.0 = Release|Xbox
	EndGlobalSection
	GlobalSection(SolutionProperties) = preSolution
		HideSolutionNode = FALSE
	EndGlobalSection
EndGlobal
