
Microsoft Visual Studio Solution File, Format Version 12.00
# Visual Studio Version 17
VisualStudioVersion = 17.0.0.0
MinimumVisualStudioVersion = 10.0.0.0
Project("{8BC9CEB8-8B4A-11D0-8D11-00A0C91BC942}") = "PaintEffect", "PaintEffect.vcxproj", "{B8FB6620-025A-4026-A6CB-A5EAE18069DA}"
EndProject
Global
	GlobalSection(SolutionConfigurationPlatforms) = preSolution
		Debug|Xbox = Debug|Xbox
		Release|Xbox = Release|Xbox
	EndGlobalSection
	GlobalSection(ProjectConfigurationPlatforms) = postSolution
		{B8FB6620-025A-4026-A6CB-A5EAE18069DA}.Debug|Xbox.ActiveCfg = Debug|Xbox
		{B8FB6620-025A-4026-A6CB-A5EAE18069DA}.Debug|Xbox.Build.0 = Debug|Xbox
		{B8FB6620-025A-4026-A6CB-A5EAE18069DA}.Release|Xbox.ActiveCfg = Release|Xbox
		{B8FB6620-025A-4026-A6CB-A5EAE18069DA}.Release|Xbox.Build.0 = Release|Xbox
	EndGlobalSection
	GlobalSection(SolutionProperties) = preSolution
		HideSolutionNode = FALSE
	EndGlobalSection
EndGlobal
