<?xml version="1.0" encoding="utf-8"?>
<Project ToolsVersion="4.0" xmlns="http://schemas.microsoft.com/developer/msbuild/2003">
  <ItemGroup>
    <Filter Include="Common Files">
      <UniqueIdentifier>{673DA16D-00AF-4430-B9BF-3FF98B4EB489}</UniqueIdentifier>
    </Filter>
    <Filter Include="Common Files\Header Files">
      <UniqueIdentifier>{D94B8F69-AD64-40C2-9150-C3EB887D6C72}</UniqueIdentifier>
    </Filter>
    <Filter Include="Common Files\Source Files">
      <UniqueIdentifier>{91298190-CB4E-4B09-A8AF-C9B1F8AA4379}</UniqueIdentifier>
    </Filter>
    <Filter Include="Header Files">
      <UniqueIdentifier>{A02909FA-5B0B-4A38-8E6C-9E8377DC5A6D}</UniqueIdentifier>
    </Filter>
    <Filter Include="Resources">
      <UniqueIdentifier>{31B07FE9-9558-46CA-B682-AD31A0F0B528}</UniqueIdentifier>
    </Filter>
    <Filter Include="Source Files">
      <UniqueIdentifier>{4EF158E6-4FF6-457E-8D1E-2210699AEDF5}</UniqueIdentifier>
    </Filter>
  </ItemGroup>
  <ItemGroup>
    <ClCompile Include="..\ModelData.Cpp">
      <Filter>Source Files</Filter>
    </ClCompile>
    <ClCompile Include="..\Strip.Cpp">
      <Filter>Source Files</Filter>
    </ClCompile>
    <ClCompile Include="..\..\..\Common\src\XBApp.cpp">
      <Filter>Common Files\Source Files</Filter>
    </ClCompile>
    <ClCompile Include="..\..\..\Common\src\XBFont.cpp">
      <Filter>Common Files\Source Files</Filter>
    </ClCompile>
    <ClCompile Include="..\..\..\Common\src\XBHelp.cpp">
      <Filter>Common Files\Source Files</Filter>
    </ClCompile>
    <ClCompile Include="..\..\..\Common\src\XBInput.cpp">
      <Filter>Common Files\Source Files</Filter>
    </ClCompile>
    <ClCompile Include="..\..\..\Common\src\XBMesh.cpp">
      <Filter>Common Files\Source Files</Filter>
    </ClCompile>
    <ClCompile Include="..\..\..\Common\src\XBProfiling.cpp">
      <Filter>Common Files\Source Files</Filter>
    </ClCompile>
    <ClCompile Include="..\..\..\Common\src\XBResource.cpp">
      <Filter>Common Files\Source Files</Filter>
    </ClCompile>
    <ClCompile Include="..\..\..\Common\src\XBUtil.cpp">
      <Filter>Common Files\Source Files</Filter>
    </ClCompile>
    <ClCompile Include="..\..\..\Common\src\XBPerf.cpp">
      <Filter>Common Files\Source Files</Filter>
    </ClCompile>
    <ClCompile Include="..\..\..\Common\src\XBStrip.cpp">
      <Filter>Common Files\Source Files</Filter>
    </ClCompile>
  </ItemGroup>
  <ItemGroup>
    <ClInclude Include="..\..\..\Common\include\XBApp.h">
      <Filter>Common Files\Header Files</Filter>
    </ClInclude>
    <ClInclude Include="..\..\..\Common\include\XBFont.h">
      <Filter>Common Files\Header Files</Filter>
    </ClInclude>
    <ClInclude Include="..\..\..\Common\include\XBHelp.h">
      <Filter>Common Files\Header Files</Filter>
    </ClInclude>
    <ClInclude Include="..\..\..\Common\include\XBInput.h">
      <Filter>Common Files\Header Files</Filter>
    </ClInclude>
    <ClInclude Include="..\..\..\Common\include\XBMesh.h">
      <Filter>Common Files\Header Files</Filter>
    </ClInclude>
    <ClInclude Include="..\..\..\Common\include\XBProfiling.h">
      <Filter>Common Files\Header Files</Filter>
    </ClInclude>
    <ClInclude Include="..\..\..\Common\include\XBResource.h">
      <Filter>Common Files\Header Files</Filter>
    </ClInclude>
    <ClInclude Include="..\..\..\Common\include\XBUtil.h">
      <Filter>Common Files\Header Files</Filter>
    </ClInclude>
    <ClInclude Include="..\..\..\Common\include\XBPerf.h">
      <Filter>Common Files\Header Files</Filter>
    </ClInclude>
    <ClInclude Include="..\..\..\Common\include\XBStrip.h">
      <Filter>Common Files\Header Files</Filter>
    </ClInclude>
  </ItemGroup>
  <ItemGroup>
    <None Include="..\font.rdf">
      <Filter>Resources</Filter>
    </None>
    <None Include="..\gamepad.rdf">
      <Filter>Resources</Filter>
    </None>
  </ItemGroup>
</Project>
