
Microsoft Visual Studio Solution File, Format Version 12.00
# Visual Studio Version 17
VisualStudioVersion = 17.0.0.0
MinimumVisualStudioVersion = 10.0.0.0
Project("{8BC9CEB8-8B4A-11D0-8D11-00A0C91BC942}") = "DynamicFont", "DynamicFont\DynamicFont.vcxproj", "{80FC7E24-C297-4D97-A551-34B7C7E9CB03}"
EndProject
Global
	GlobalSection(SolutionConfigurationPlatforms) = preSolution
		Debug|Xbox = Debug|Xbox
		Release|Xbox = Release|Xbox
	EndGlobalSection
	GlobalSection(ProjectConfigurationPlatforms) = postSolution
		{80FC7E24-C297-4D97-A551-34B7C7E9CB03}.Debug|Xbox.ActiveCfg = Debug|Xbox
		{80FC7E24-C297-4D97-A551-34B7C7E9CB03}.Debug|Xbox.Build.0 = Debug|Xbox
		{80FC7E24-C297-4D97-A551-34B7C7E9CB03}.Release|Xbox.ActiveCfg = Release|Xbox
		{80FC7E24-C297-4D97-A551-34B7C7E9CB03}.Release|Xbox.Build.0 = Release|Xbox
	EndGlobalSection
	GlobalSection(SolutionProperties) = preSolution
		HideSolutionNode = FALSE
	EndGlobalSection
EndGlobal
