<?xml version="1.0" encoding="utf-8"?>
<Project ToolsVersion="4.0" xmlns="http://schemas.microsoft.com/developer/msbuild/2003">
  <ItemGroup>
    <Filter Include="Common Files">
      <UniqueIdentifier>{3DD812DA-BCE8-44FB-90CC-BE9224E4B745}</UniqueIdentifier>
    </Filter>
    <Filter Include="Common Files\Header Files">
      <UniqueIdentifier>{5AD12C2C-4DFE-4568-B1F6-31755AF5CFD7}</UniqueIdentifier>
    </Filter>
    <Filter Include="Common Files\Source Files">
      <UniqueIdentifier>{1899E31A-E317-4C62-A2ED-9A8B54E0E7E2}</UniqueIdentifier>
    </Filter>
    <Filter Include="Header Files">
      <UniqueIdentifier>{C0381E16-8A9B-4526-9EE1-B3961721B482}</UniqueIdentifier>
    </Filter>
    <Filter Include="Resources">
      <UniqueIdentifier>{30F67384-4465-44F3-8433-C2C33C7A6A37}</UniqueIdentifier>
    </Filter>
    <Filter Include="Source Files">
      <UniqueIdentifier>{1C287CB9-3D80-491C-8767-4E6C9406BA48}</UniqueIdentifier>
    </Filter>
  </ItemGroup>
  <ItemGroup>
    <ClCompile Include="..\StorageDemo.cpp">
      <Filter>Source Files</Filter>
    </ClCompile>
    <ClCompile Include="..\UserSettings.cpp">
      <Filter>Source Files</Filter>
    </ClCompile>
    <ClCompile Include="..\UserContent.cpp">
      <Filter>Source Files</Filter>
    </ClCompile>
    <ClCompile Include="..\Common.cpp">
      <Filter>Source Files</Filter>
    </ClCompile>
    <ClCompile Include="..\..\..\Common\src\XBApp.cpp">
      <Filter>Common Files\Source Files</Filter>
    </ClCompile>
    <ClCompile Include="..\..\..\Common\src\XBFont.cpp">
      <Filter>Common Files\Source Files</Filter>
    </ClCompile>
    <ClCompile Include="..\..\..\Common\src\XBHelp.cpp">
      <Filter>Common Files\Source Files</Filter>
    </ClCompile>
    <ClCompile Include="..\..\..\Common\src\XBInput.cpp">
      <Filter>Common Files\Source Files</Filter>
    </ClCompile>
    <ClCompile Include="..\..\..\Common\src\XBMesh.cpp">
      <Filter>Common Files\Source Files</Filter>
    </ClCompile>
    <ClCompile Include="..\..\..\Common\src\XBProfiling.cpp">
      <Filter>Common Files\Source Files</Filter>
    </ClCompile>
    <ClCompile Include="..\..\..\Common\src\XBResource.cpp">
      <Filter>Common Files\Source Files</Filter>
    </ClCompile>
    <ClCompile Include="..\..\..\Common\src\XBUtil.cpp">
      <Filter>Common Files\Source Files</Filter>
    </ClCompile>
    <ClCompile Include="..\..\..\Common\src\XbConfig.cpp">
      <Filter>Common Files\Source Files</Filter>
    </ClCompile>
    <ClCompile Include="..\..\..\Common\src\XbMemUnit.cpp">
      <Filter>Common Files\Source Files</Filter>
    </ClCompile>
    <ClCompile Include="..\..\..\Common\src\XbNet.cpp">
      <Filter>Common Files\Source Files</Filter>
    </ClCompile>
    <ClCompile Include="..\..\..\Common\src\XbNetMsg.cpp">
      <Filter>Common Files\Source Files</Filter>
    </ClCompile>
    <ClCompile Include="..\..\..\Common\src\XbOnline.cpp">
      <Filter>Common Files\Source Files</Filter>
    </ClCompile>
    <ClCompile Include="..\..\..\Common\src\XbOnlineTask.cpp">
      <Filter>Common Files\Source Files</Filter>
    </ClCompile>
    <ClCompile Include="..\..\..\Common\src\XbRandName.cpp">
      <Filter>Common Files\Source Files</Filter>
    </ClCompile>
    <ClCompile Include="..\..\..\Common\src\XbSocket.cpp">
      <Filter>Common Files\Source Files</Filter>
    </ClCompile>
    <ClCompile Include="..\..\..\Common\src\XbStopWatch.cpp">
      <Filter>Common Files\Source Files</Filter>
    </ClCompile>
    <ClCompile Include="..\..\..\Common\src\XbVoice.cpp">
      <Filter>Common Files\Source Files</Filter>
    </ClCompile>
  </ItemGroup>
  <ItemGroup>
    <ClInclude Include="..\StorageDemo.h">
      <Filter>Header Files</Filter>
    </ClInclude>
    <ClInclude Include="..\UserSettings.h">
      <Filter>Header Files</Filter>
    </ClInclude>
    <ClInclude Include="..\UserContent.h">
      <Filter>Header Files</Filter>
    </ClInclude>
    <ClInclude Include="..\Common.h">
      <Filter>Header Files</Filter>
    </ClInclude>
    <ClInclude Include="..\..\..\Common\include\XBApp.h">
      <Filter>Common Files\Header Files</Filter>
    </ClInclude>
    <ClInclude Include="..\..\..\Common\include\XBFont.h">
      <Filter>Common Files\Header Files</Filter>
    </ClInclude>
    <ClInclude Include="..\..\..\Common\include\XBHelp.h">
      <Filter>Common Files\Header Files</Filter>
    </ClInclude>
    <ClInclude Include="..\..\..\Common\include\XBInput.h">
      <Filter>Common Files\Header Files</Filter>
    </ClInclude>
    <ClInclude Include="..\..\..\Common\include\XBMesh.h">
      <Filter>Common Files\Header Files</Filter>
    </ClInclude>
    <ClInclude Include="..\..\..\Common\include\XBProfiling.h">
      <Filter>Common Files\Header Files</Filter>
    </ClInclude>
    <ClInclude Include="..\..\..\Common\include\XBResource.h">
      <Filter>Common Files\Header Files</Filter>
    </ClInclude>
    <ClInclude Include="..\..\..\Common\include\XBUtil.h">
      <Filter>Common Files\Header Files</Filter>
    </ClInclude>
    <ClInclude Include="..\..\..\Common\include\XbConfig.h">
      <Filter>Common Files\Header Files</Filter>
    </ClInclude>
    <ClInclude Include="..\..\..\Common\include\XbMemUnit.h">
      <Filter>Common Files\Header Files</Filter>
    </ClInclude>
    <ClInclude Include="..\..\..\Common\include\XbNet.h">
      <Filter>Common Files\Header Files</Filter>
    </ClInclude>
    <ClInclude Include="..\..\..\Common\include\XbNetMsg.h">
      <Filter>Common Files\Header Files</Filter>
    </ClInclude>
    <ClInclude Include="..\..\..\Common\include\XbOnline.h">
      <Filter>Common Files\Header Files</Filter>
    </ClInclude>
    <ClInclude Include="..\..\..\Common\include\XbOnlineTask.h">
      <Filter>Common Files\Header Files</Filter>
    </ClInclude>
    <ClInclude Include="..\..\..\Common\include\XbRandName.h">
      <Filter>Common Files\Header Files</Filter>
    </ClInclude>
    <ClInclude Include="..\..\..\Common\include\XbSocket.h">
      <Filter>Common Files\Header Files</Filter>
    </ClInclude>
    <ClInclude Include="..\..\..\Common\include\XbStopWatch.h">
      <Filter>Common Files\Header Files</Filter>
    </ClInclude>
    <ClInclude Include="..\..\..\Common\include\XbVoice.h">
      <Filter>Common Files\Header Files</Filter>
    </ClInclude>
  </ItemGroup>
  <ItemGroup>
    <None Include="..\font.rdf">
      <Filter>Resources</Filter>
    </None>
    <None Include="..\gamepad.rdf">
      <Filter>Resources</Filter>
    </None>
  </ItemGroup>
</Project>
