
Microsoft Visual Studio Solution File, Format Version 12.00
# Visual Studio Version 17
VisualStudioVersion = 17.0.0.0
MinimumVisualStudioVersion = 10.0.0.0
Project("{8BC9CEB8-8B4A-11D0-8D11-00A0C91BC942}") = "Strip", "Strip.vcxproj", "{D9A3B01D-A890-450F-8B0F-E542D56E95F5}"
EndProject
Global
	GlobalSection(SolutionConfigurationPlatforms) = preSolution
		Debug|Xbox = Debug|Xbox
		Release|Xbox = Release|Xbox
	EndGlobalSection
	GlobalSection(ProjectConfigurationPlatforms) = postSolution
		{D9A3B01D-A890-450F-8B0F-E542D56E95F5}.Debug|Xbox.ActiveCfg = Debug|Xbox
		{D9A3B01D-A890-450F-8B0F-E542D56E95F5}.Debug|Xbox.Build.0 = Debug|Xbox
		{D9A3B01D-A890-450F-8B0F-E542D56E95F5}.Release|Xbox.ActiveCfg = Release|Xbox
		{D9A3B01D-A890-450F-8B0F-E542D56E95F5}.Release|Xbox.Build.0 = Release|Xbox
	EndGlobalSection
	GlobalSection(SolutionProperties) = preSolution
		HideSolutionNode = FALSE
	EndGlobalSection
EndGlobal
