<?xml version="1.0" encoding="utf-8"?>
<Project ToolsVersion="4.0" xmlns="http://schemas.microsoft.com/developer/msbuild/2003">
  <ItemGroup>
    <Filter Include="Common Files">
      <UniqueIdentifier>{EE66219D-9DB9-45E7-B0E4-63637C5A0114}</UniqueIdentifier>
    </Filter>
    <Filter Include="Common Files\Header Files">
      <UniqueIdentifier>{5A7D7D68-CF36-4B6A-AD5C-AEA9349F9D7E}</UniqueIdentifier>
    </Filter>
    <Filter Include="Common Files\Source Files">
      <UniqueIdentifier>{BE9FF786-9FF4-4040-9910-223499316C60}</UniqueIdentifier>
    </Filter>
    <Filter Include="Header Files">
      <UniqueIdentifier>{CB98F436-C9D5-4BF7-9F83-D768CFE33706}</UniqueIdentifier>
    </Filter>
    <Filter Include="Resources">
      <UniqueIdentifier>{2CB13BBD-C9B8-4EC9-B831-55ABBEA9EEBD}</UniqueIdentifier>
    </Filter>
    <Filter Include="Source Files">
      <UniqueIdentifier>{33094008-FFB7-4172-B230-4051315DB5FB}</UniqueIdentifier>
    </Filter>
  </ItemGroup>
  <ItemGroup>
    <ClCompile Include="..\WinsockPeer.cpp">
      <Filter>Source Files</Filter>
    </ClCompile>
    <ClCompile Include="..\..\..\Common\src\XBApp.cpp">
      <Filter>Common Files\Source Files</Filter>
    </ClCompile>
    <ClCompile Include="..\..\..\Common\src\XBFont.cpp">
      <Filter>Common Files\Source Files</Filter>
    </ClCompile>
    <ClCompile Include="..\..\..\Common\src\XBHelp.cpp">
      <Filter>Common Files\Source Files</Filter>
    </ClCompile>
    <ClCompile Include="..\..\..\Common\src\XBInput.cpp">
      <Filter>Common Files\Source Files</Filter>
    </ClCompile>
    <ClCompile Include="..\..\..\Common\src\XBMesh.cpp">
      <Filter>Common Files\Source Files</Filter>
    </ClCompile>
    <ClCompile Include="..\..\..\Common\src\XBProfiling.cpp">
      <Filter>Common Files\Source Files</Filter>
    </ClCompile>
    <ClCompile Include="..\..\..\Common\src\XBResource.cpp">
      <Filter>Common Files\Source Files</Filter>
    </ClCompile>
    <ClCompile Include="..\..\..\Common\src\XBUtil.cpp">
      <Filter>Common Files\Source Files</Filter>
    </ClCompile>
    <ClCompile Include="..\..\..\Common\src\XbConfig.cpp">
      <Filter>Common Files\Source Files</Filter>
    </ClCompile>
    <ClCompile Include="..\..\..\Common\src\XbNet.cpp">
      <Filter>Common Files\Source Files</Filter>
    </ClCompile>
    <ClCompile Include="..\..\..\Common\src\XbRandName.cpp">
      <Filter>Common Files\Source Files</Filter>
    </ClCompile>
    <ClCompile Include="..\..\..\Common\src\XbSocket.cpp">
      <Filter>Common Files\Source Files</Filter>
    </ClCompile>
    <ClCompile Include="..\..\..\Common\src\XbStopWatch.cpp">
      <Filter>Common Files\Source Files</Filter>
    </ClCompile>
  </ItemGroup>
  <ItemGroup>
    <ClInclude Include="..\..\..\Common\include\XBApp.h">
      <Filter>Common Files\Header Files</Filter>
    </ClInclude>
    <ClInclude Include="..\..\..\Common\include\XBFont.h">
      <Filter>Common Files\Header Files</Filter>
    </ClInclude>
    <ClInclude Include="..\..\..\Common\include\XBHelp.h">
      <Filter>Common Files\Header Files</Filter>
    </ClInclude>
    <ClInclude Include="..\..\..\Common\include\XBInput.h">
      <Filter>Common Files\Header Files</Filter>
    </ClInclude>
    <ClInclude Include="..\..\..\Common\include\XBMesh.h">
      <Filter>Common Files\Header Files</Filter>
    </ClInclude>
    <ClInclude Include="..\..\..\Common\include\XBProfiling.h">
      <Filter>Common Files\Header Files</Filter>
    </ClInclude>
    <ClInclude Include="..\..\..\Common\include\XBResource.h">
      <Filter>Common Files\Header Files</Filter>
    </ClInclude>
    <ClInclude Include="..\..\..\Common\include\XBUtil.h">
      <Filter>Common Files\Header Files</Filter>
    </ClInclude>
    <ClInclude Include="..\..\..\Common\include\XbConfig.h">
      <Filter>Common Files\Header Files</Filter>
    </ClInclude>
    <ClInclude Include="..\..\..\Common\include\XbNet.h">
      <Filter>Common Files\Header Files</Filter>
    </ClInclude>
    <ClInclude Include="..\..\..\Common\include\XbRandName.h">
      <Filter>Common Files\Header Files</Filter>
    </ClInclude>
    <ClInclude Include="..\..\..\Common\include\XbSocket.h">
      <Filter>Common Files\Header Files</Filter>
    </ClInclude>
    <ClInclude Include="..\..\..\Common\include\XbStopWatch.h">
      <Filter>Common Files\Header Files</Filter>
    </ClInclude>
  </ItemGroup>
  <ItemGroup>
    <None Include="..\font.rdf">
      <Filter>Resources</Filter>
    </None>
    <None Include="..\gamepad.rdf">
      <Filter>Resources</Filter>
    </None>
  </ItemGroup>
</Project>
