<?xml version="1.0" encoding="utf-8"?>
<Project ToolsVersion="4.0" xmlns="http://schemas.microsoft.com/developer/msbuild/2003">
  <ItemGroup>
    <Filter Include="Common Files">
      <UniqueIdentifier>{F282800D-EA26-4B29-9FC6-2A34EE620F96}</UniqueIdentifier>
    </Filter>
    <Filter Include="Common Files\Header Files">
      <UniqueIdentifier>{B533AEB0-27D7-4574-BA95-DBD267E4F1AB}</UniqueIdentifier>
    </Filter>
    <Filter Include="Common Files\Source Files">
      <UniqueIdentifier>{77566394-E4AA-4B9E-816F-BFA5C86088D8}</UniqueIdentifier>
    </Filter>
    <Filter Include="Header Files">
      <UniqueIdentifier>{34477250-C360-41BA-BB9C-1765D1FCEF5B}</UniqueIdentifier>
    </Filter>
    <Filter Include="Resources">
      <UniqueIdentifier>{67E710C9-CD77-4C25-87DF-865946A0BF7B}</UniqueIdentifier>
    </Filter>
    <Filter Include="Source Files">
      <UniqueIdentifier>{C6DF9BBB-79C8-4042-8661-7D19EF6E0D44}</UniqueIdentifier>
    </Filter>
    <Filter Include="XACT Projects">
      <UniqueIdentifier>{2FDF0EE8-1DD7-4116-A1AD-7B2875D4626C}</UniqueIdentifier>
    </Filter>
  </ItemGroup>
  <ItemGroup>
    <ClCompile Include="app.cpp">
      <Filter>Source Files</Filter>
    </ClCompile>
    <ClCompile Include="audioengine.cpp">
      <Filter>Source Files</Filter>
    </ClCompile>
    <ClCompile Include="controller.cpp">
      <Filter>Source Files</Filter>
    </ClCompile>
    <ClCompile Include="demo.cpp">
      <Filter>Source Files</Filter>
    </ClCompile>
    <ClCompile Include="file.cpp">
      <Filter>Source Files</Filter>
    </ClCompile>
    <ClCompile Include="game.cpp">
      <Filter>Source Files</Filter>
    </ClCompile>
    <ClCompile Include="globals.cpp">
      <Filter>Source Files</Filter>
    </ClCompile>
    <ClCompile Include="HeightField.cpp">
      <Filter>Source Files</Filter>
    </ClCompile>
    <ClCompile Include="light.cpp">
      <Filter>Source Files</Filter>
    </ClCompile>
    <ClCompile Include="loadsave.cpp">
      <Filter>Source Files</Filter>
    </ClCompile>
    <ClCompile Include="math3d.cpp">
      <Filter>Source Files</Filter>
    </ClCompile>
    <ClCompile Include="menu.cpp">
      <Filter>Source Files</Filter>
    </ClCompile>
    <ClCompile Include="menuoptions.cpp">
      <Filter>Source Files</Filter>
    </ClCompile>
    <ClCompile Include="mesh.cpp">
      <Filter>Source Files</Filter>
    </ClCompile>
    <ClCompile Include="physicsobject.cpp">
      <Filter>Source Files</Filter>
    </ClCompile>
    <ClCompile Include="PhysicsSystem.cpp">
      <Filter>Source Files</Filter>
    </ClCompile>
    <ClCompile Include="polyhedron.cpp">
      <Filter>Source Files</Filter>
    </ClCompile>
    <ClCompile Include="shader.cpp">
      <Filter>Source Files</Filter>
    </ClCompile>
    <ClCompile Include="soundeffect.cpp">
      <Filter>Source Files</Filter>
    </ClCompile>
    <ClCompile Include="splash.cpp">
      <Filter>Source Files</Filter>
    </ClCompile>
    <ClCompile Include="startscreen.cpp">
      <Filter>Source Files</Filter>
    </ClCompile>
    <ClCompile Include="text.cpp">
      <Filter>Source Files</Filter>
    </ClCompile>
    <ClCompile Include="vehicle.cpp">
      <Filter>Source Files</Filter>
    </ClCompile>
    <ClCompile Include="..\..\Common\Src\xbapp.cpp">
      <Filter>Common Files\Source Files</Filter>
    </ClCompile>
    <ClCompile Include="..\..\Common\Src\xbfont.cpp">
      <Filter>Common Files\Source Files</Filter>
    </ClCompile>
    <ClCompile Include="..\..\Common\Src\xbhelp.cpp">
      <Filter>Common Files\Source Files</Filter>
    </ClCompile>
    <ClCompile Include="..\..\Common\Src\xbinput.cpp">
      <Filter>Common Files\Source Files</Filter>
    </ClCompile>
    <ClCompile Include="..\..\Common\Src\xbmesh.cpp">
      <Filter>Common Files\Source Files</Filter>
    </ClCompile>
    <ClCompile Include="..\..\Common\Src\xbprofiling.cpp">
      <Filter>Common Files\Source Files</Filter>
    </ClCompile>
    <ClCompile Include="..\..\Common\Src\xbresource.cpp">
      <Filter>Common Files\Source Files</Filter>
    </ClCompile>
    <ClCompile Include="..\..\Common\Src\xbutil.cpp">
      <Filter>Common Files\Source Files</Filter>
    </ClCompile>
    <ClCompile Include="..\..\Common\Src\xbconfig.cpp">
      <Filter>Common Files\Source Files</Filter>
    </ClCompile>
    <ClCompile Include="..\..\Common\Src\xbmemunit.cpp">
      <Filter>Common Files\Source Files</Filter>
    </ClCompile>
    <ClCompile Include="..\..\Common\Src\xbsavedgame.cpp">
      <Filter>Common Files\Source Files</Filter>
    </ClCompile>
    <ClCompile Include="..\..\Common\Src\xbsound.cpp">
      <Filter>Common Files\Source Files</Filter>
    </ClCompile>
    <ClCompile Include="..\..\Common\Src\xbstopwatch.cpp">
      <Filter>Common Files\Source Files</Filter>
    </ClCompile>
    <ClCompile Include="..\..\Common\Src\xbstoragedevice.cpp">
      <Filter>Common Files\Source Files</Filter>
    </ClCompile>
  </ItemGroup>
  <ItemGroup>
    <ClInclude Include="app.h">
      <Filter>Header Files</Filter>
    </ClInclude>
    <ClInclude Include="audioengine.h">
      <Filter>Header Files</Filter>
    </ClInclude>
    <ClInclude Include="controller.h">
      <Filter>Header Files</Filter>
    </ClInclude>
    <ClInclude Include="demo.h">
      <Filter>Header Files</Filter>
    </ClInclude>
    <ClInclude Include="file.h">
      <Filter>Header Files</Filter>
    </ClInclude>
    <ClInclude Include="game.h">
      <Filter>Header Files</Filter>
    </ClInclude>
    <ClInclude Include="globals.h">
      <Filter>Header Files</Filter>
    </ClInclude>
    <ClInclude Include="heightfield.h">
      <Filter>Header Files</Filter>
    </ClInclude>
    <ClInclude Include="light.h">
      <Filter>Header Files</Filter>
    </ClInclude>
    <ClInclude Include="loadsave.h">
      <Filter>Header Files</Filter>
    </ClInclude>
    <ClInclude Include="math3d.h">
      <Filter>Header Files</Filter>
    </ClInclude>
    <ClInclude Include="menu.h">
      <Filter>Header Files</Filter>
    </ClInclude>
    <ClInclude Include="menuoptions.h">
      <Filter>Header Files</Filter>
    </ClInclude>
    <ClInclude Include="mesh.h">
      <Filter>Header Files</Filter>
    </ClInclude>
    <ClInclude Include="physicsobject.h">
      <Filter>Header Files</Filter>
    </ClInclude>
    <ClInclude Include="physicssystem.h">
      <Filter>Header Files</Filter>
    </ClInclude>
    <ClInclude Include="polyhedron.h">
      <Filter>Header Files</Filter>
    </ClInclude>
    <ClInclude Include="shader.h">
      <Filter>Header Files</Filter>
    </ClInclude>
    <ClInclude Include="soundeffect.h">
      <Filter>Header Files</Filter>
    </ClInclude>
    <ClInclude Include="splash.h">
      <Filter>Header Files</Filter>
    </ClInclude>
    <ClInclude Include="startscreen.h">
      <Filter>Header Files</Filter>
    </ClInclude>
    <ClInclude Include="text.h">
      <Filter>Header Files</Filter>
    </ClInclude>
    <ClInclude Include="vehicle.h">
      <Filter>Header Files</Filter>
    </ClInclude>
    <ClInclude Include="..\..\Common\Include\xbapp.h">
      <Filter>Common Files\Header Files</Filter>
    </ClInclude>
    <ClInclude Include="..\..\Common\Include\xbfont.h">
      <Filter>Common Files\Header Files</Filter>
    </ClInclude>
    <ClInclude Include="..\..\Common\Include\xbhelp.h">
      <Filter>Common Files\Header Files</Filter>
    </ClInclude>
    <ClInclude Include="..\..\Common\Include\xbinput.h">
      <Filter>Common Files\Header Files</Filter>
    </ClInclude>
    <ClInclude Include="..\..\Common\Include\xbmesh.h">
      <Filter>Common Files\Header Files</Filter>
    </ClInclude>
    <ClInclude Include="..\..\Common\Include\xbprofiling.h">
      <Filter>Common Files\Header Files</Filter>
    </ClInclude>
    <ClInclude Include="..\..\Common\Include\xbresource.h">
      <Filter>Common Files\Header Files</Filter>
    </ClInclude>
    <ClInclude Include="..\..\Common\Include\xbutil.h">
      <Filter>Common Files\Header Files</Filter>
    </ClInclude>
    <ClInclude Include="..\..\Common\Include\xbconfig.h">
      <Filter>Common Files\Header Files</Filter>
    </ClInclude>
    <ClInclude Include="..\..\Common\Include\xbmemunit.h">
      <Filter>Common Files\Header Files</Filter>
    </ClInclude>
    <ClInclude Include="..\..\Common\Include\xbsavedgame.h">
      <Filter>Common Files\Header Files</Filter>
    </ClInclude>
    <ClInclude Include="..\..\Common\Include\xbsound.h">
      <Filter>Common Files\Header Files</Filter>
    </ClInclude>
    <ClInclude Include="..\..\Common\Include\xbstopwatch.h">
      <Filter>Common Files\Header Files</Filter>
    </ClInclude>
    <ClInclude Include="..\..\Common\Include\xbstoragedevice.h">
      <Filter>Common Files\Header Files</Filter>
    </ClInclude>
  </ItemGroup>
  <ItemGroup>
    <None Include="font.rdf">
      <Filter>Resources</Filter>
    </None>
    <None Include="font12.rdf">
      <Filter>Resources</Filter>
    </None>
    <None Include="font16.rdf">
      <Filter>Resources</Filter>
    </None>
    <None Include="font9.rdf">
      <Filter>Resources</Filter>
    </None>
    <None Include="loadsaveresource.rdf">
      <Filter>Resources</Filter>
    </None>
    <None Include="menuresource.rdf">
      <Filter>Resources</Filter>
    </None>
    <None Include="Xboxdings_24.rdf">
      <Filter>Resources</Filter>
    </None>
    <None Include="XactSounds.xap">
      <Filter>XACT Projects</Filter>
    </None>
  </ItemGroup>
</Project>
