<?xml version="1.0" encoding="utf-8"?>
<Project ToolsVersion="4.0" xmlns="http://schemas.microsoft.com/developer/msbuild/2003">
  <ItemGroup>
    <Filter Include="Common Files">
      <UniqueIdentifier>{0C159392-B63E-457F-A014-8DC6374C5639}</UniqueIdentifier>
    </Filter>
    <Filter Include="Common Files\Header Files">
      <UniqueIdentifier>{3856D3CC-02E1-4431-9A57-DFB4B9C2F034}</UniqueIdentifier>
    </Filter>
    <Filter Include="Common Files\Source Files">
      <UniqueIdentifier>{C8F249D4-6CB7-4B1D-AC56-B13FFF1248B2}</UniqueIdentifier>
    </Filter>
    <Filter Include="Header Files">
      <UniqueIdentifier>{363F5447-9B09-402D-BE60-987CEAE0A770}</UniqueIdentifier>
    </Filter>
    <Filter Include="Resources">
      <UniqueIdentifier>{D7370E33-60DF-4FA8-802D-C51AC17AE386}</UniqueIdentifier>
    </Filter>
    <Filter Include="Source Files">
      <UniqueIdentifier>{40E04B4D-BA50-488A-81D9-E07C3600DB81}</UniqueIdentifier>
    </Filter>
  </ItemGroup>
  <ItemGroup>
    <ClCompile Include="BumpEarth.cpp">
      <Filter>Source Files</Filter>
    </ClCompile>
    <ClCompile Include="..\..\..\Common\Src\xbapp.cpp">
      <Filter>Common Files\Source Files</Filter>
    </ClCompile>
    <ClCompile Include="..\..\..\Common\Src\xbfont.cpp">
      <Filter>Common Files\Source Files</Filter>
    </ClCompile>
    <ClCompile Include="..\..\..\Common\Src\xbhelp.cpp">
      <Filter>Common Files\Source Files</Filter>
    </ClCompile>
    <ClCompile Include="..\..\..\Common\Src\xbinput.cpp">
      <Filter>Common Files\Source Files</Filter>
    </ClCompile>
    <ClCompile Include="..\..\..\Common\Src\xbmesh.cpp">
      <Filter>Common Files\Source Files</Filter>
    </ClCompile>
    <ClCompile Include="..\..\..\Common\Src\xbprofiling.cpp">
      <Filter>Common Files\Source Files</Filter>
    </ClCompile>
    <ClCompile Include="..\..\..\Common\Src\xbresource.cpp">
      <Filter>Common Files\Source Files</Filter>
    </ClCompile>
    <ClCompile Include="..\..\..\Common\Src\xbutil.cpp">
      <Filter>Common Files\Source Files</Filter>
    </ClCompile>
  </ItemGroup>
  <ItemGroup>
    <ClInclude Include="..\..\..\Common\Include\xbapp.h">
      <Filter>Common Files\Header Files</Filter>
    </ClInclude>
    <ClInclude Include="..\..\..\Common\Include\xbfont.h">
      <Filter>Common Files\Header Files</Filter>
    </ClInclude>
    <ClInclude Include="..\..\..\Common\Include\xbhelp.h">
      <Filter>Common Files\Header Files</Filter>
    </ClInclude>
    <ClInclude Include="..\..\..\Common\Include\xbinput.h">
      <Filter>Common Files\Header Files</Filter>
    </ClInclude>
    <ClInclude Include="..\..\..\Common\Include\xbmesh.h">
      <Filter>Common Files\Header Files</Filter>
    </ClInclude>
    <ClInclude Include="..\..\..\Common\Include\xbprofiling.h">
      <Filter>Common Files\Header Files</Filter>
    </ClInclude>
    <ClInclude Include="..\..\..\Common\Include\xbresource.h">
      <Filter>Common Files\Header Files</Filter>
    </ClInclude>
    <ClInclude Include="..\..\..\Common\Include\xbutil.h">
      <Filter>Common Files\Header Files</Filter>
    </ClInclude>
  </ItemGroup>
  <ItemGroup>
    <None Include="font.rdf">
      <Filter>Resources</Filter>
    </None>
    <None Include="gamepad.rdf">
      <Filter>Resources</Filter>
    </None>
    <None Include="resource.rdf">
      <Filter>Resources</Filter>
    </None>
  </ItemGroup>
</Project>
