
Microsoft Visual Studio Solution File, Format Version 12.00
# Visual Studio Version 17
VisualStudioVersion = 17.0.0.0
MinimumVisualStudioVersion = 10.0.0.0
Project("{8BC9CEB8-8B4A-11D0-8D11-00A0C91BC942}") = "StencilMirror", "StencilMirror.vcxproj", "{B4ED3497-C40F-4CC0-B8D7-8EA632DC04E3}"
EndProject
Global
	GlobalSection(SolutionConfigurationPlatforms) = preSolution
		Debug|Xbox = Debug|Xbox
		Release|Xbox = Release|Xbox
	EndGlobalSection
	GlobalSection(ProjectConfigurationPlatforms) = postSolution
		{B4ED3497-C40F-4CC0-B8D7-8EA632DC04E3}.Debug|Xbox.ActiveCfg = Debug|Xbox
		{B4ED3497-C40F-4CC0-B8D7-8EA632DC04E3}.Debug|Xbox.Build.0 = Debug|Xbox
		{B4ED3497-C40F-4CC0-B8D7-8EA632DC04E3}.Release|Xbox.ActiveCfg = Release|Xbox
		{B4ED3497-C40F-4CC0-B8D7-8EA632DC04E3}.Release|Xbox.Build.0 = Release|Xbox
	EndGlobalSection
	GlobalSection(SolutionProperties) = preSolution
		HideSolutionNode = FALSE
	EndGlobalSection
EndGlobal
